
Microsoft Visual Studio Solution File, Format Version 12.00
# Visual Studio 14
VisualStudioVersion = 14.0.25420.1
MinimumVisualStudioVersion = 10.0.40219.1
Project("{FAE04EC0-301F-11D3-BF4B-00C04F79EFBC}") = "Sudoku", "Sudoku\Sudoku.csproj", "{91547F97-E4FC-4332-8910-2067DE2264AB}"
EndProject
Project("{2150E333-8FDC-42A3-9474-1A3956D46DE8}") = "SudokuModel", "SudokuModel", "{6EDC0528-398A-44B4-9B64-BABD75E1A48B}"
EndProject
Project("{FAE04EC0-301F-11D3-BF4B-00C04F79EFBC}") = "SudokuModel", "SudokuModel\SudokuModel.csproj", "{109F95C0-0941-4AF9-93B5-A288507240BB}"
EndProject
Project("{2150E333-8FDC-42A3-9474-1A3956D46DE8}") = "Test", "Test", "{220E830D-16B3-40A2-B84B-D0071716BDB1}"
EndProject
Project("{FAE04EC0-301F-11D3-BF4B-00C04F79EFBC}") = "UnitTestSudoku", "UnitTestSudoku\UnitTestSudoku.csproj", "{E571DE3A-BA2C-47EF-982C-0ACD194CABF2}"
EndProject
Project("{2150E333-8FDC-42A3-9474-1A3956D46DE8}") = "ControlSudoku", "ControlSudoku", "{1D7EAC58-BC51-4F3A-A6BA-61C56183D2B2}"
EndProject
Project("{FAE04EC0-301F-11D3-BF4B-00C04F79EFBC}") = "ConsoleSudoku", "ConsoleSudoku\ConsoleSudoku.csproj", "{455A35B8-5719-40EF-B55E-A760E5FD8A6E}"
EndProject
Project("{FAE04EC0-301F-11D3-BF4B-00C04F79EFBC}") = "SudokuWpf", "SudokuWpf\SudokuWpf.csproj", "{335066C1-3374-494A-BD8D-0B6368371E0C}"
EndProject
Global
	GlobalSection(SolutionConfigurationPlatforms) = preSolution
		Debug|Any CPU = Debug|Any CPU
		Release|Any CPU = Release|Any CPU
	EndGlobalSection
	GlobalSection(ProjectConfigurationPlatforms) = postSolution
		{91547F97-E4FC-4332-8910-2067DE2264AB}.Debug|Any CPU.ActiveCfg = Debug|Any CPU
		{91547F97-E4FC-4332-8910-2067DE2264AB}.Debug|Any CPU.Build.0 = Debug|Any CPU
		{91547F97-E4FC-4332-8910-2067DE2264AB}.Release|Any CPU.ActiveCfg = Release|Any CPU
		{91547F97-E4FC-4332-8910-2067DE2264AB}.Release|Any CPU.Build.0 = Release|Any CPU
		{109F95C0-0941-4AF9-93B5-A288507240BB}.Debug|Any CPU.ActiveCfg = Debug|Any CPU
		{109F95C0-0941-4AF9-93B5-A288507240BB}.Debug|Any CPU.Build.0 = Debug|Any CPU
		{109F95C0-0941-4AF9-93B5-A288507240BB}.Release|Any CPU.ActiveCfg = Release|Any CPU
		{109F95C0-0941-4AF9-93B5-A288507240BB}.Release|Any CPU.Build.0 = Release|Any CPU
		{E571DE3A-BA2C-47EF-982C-0ACD194CABF2}.Debug|Any CPU.ActiveCfg = Debug|Any CPU
		{E571DE3A-BA2C-47EF-982C-0ACD194CABF2}.Debug|Any CPU.Build.0 = Debug|Any CPU
		{E571DE3A-BA2C-47EF-982C-0ACD194CABF2}.Release|Any CPU.ActiveCfg = Release|Any CPU
		{E571DE3A-BA2C-47EF-982C-0ACD194CABF2}.Release|Any CPU.Build.0 = Release|Any CPU
		{455A35B8-5719-40EF-B55E-A760E5FD8A6E}.Debug|Any CPU.ActiveCfg = Debug|Any CPU
		{455A35B8-5719-40EF-B55E-A760E5FD8A6E}.Debug|Any CPU.Build.0 = Debug|Any CPU
		{455A35B8-5719-40EF-B55E-A760E5FD8A6E}.Release|Any CPU.ActiveCfg = Release|Any CPU
		{455A35B8-5719-40EF-B55E-A760E5FD8A6E}.Release|Any CPU.Build.0 = Release|Any CPU
		{335066C1-3374-494A-BD8D-0B6368371E0C}.Debug|Any CPU.ActiveCfg = Debug|Any CPU
		{335066C1-3374-494A-BD8D-0B6368371E0C}.Debug|Any CPU.Build.0 = Debug|Any CPU
		{335066C1-3374-494A-BD8D-0B6368371E0C}.Release|Any CPU.ActiveCfg = Release|Any CPU
		{335066C1-3374-494A-BD8D-0B6368371E0C}.Release|Any CPU.Build.0 = Release|Any CPU
	EndGlobalSection
	GlobalSection(SolutionProperties) = preSolution
		HideSolutionNode = FALSE
	EndGlobalSection
	GlobalSection(NestedProjects) = preSolution
		{109F95C0-0941-4AF9-93B5-A288507240BB} = {6EDC0528-398A-44B4-9B64-BABD75E1A48B}
		{E571DE3A-BA2C-47EF-982C-0ACD194CABF2} = {220E830D-16B3-40A2-B84B-D0071716BDB1}
		{455A35B8-5719-40EF-B55E-A760E5FD8A6E} = {1D7EAC58-BC51-4F3A-A6BA-61C56183D2B2}
	EndGlobalSection
EndGlobal
